<?xml version="1.0" encoding="UTF-8"?>
<Scheme
   version = "1.3">
   <BuildAction>
      <BuildActionEntries>
         <BuildActionEntry
            buildForRunning = "YES">
            <BuildableReference
               BuildableIdentifier = "primary"
               BlueprintIdentifier = "6767966911AD635600421804"
               BuildableName = "TAppEncoder"
               BlueprintName = "TAppEncoder"
               ReferencedContainer = "container:HTM.xcodeproj">
            </BuildableReference>
         </BuildActionEntry>
      </BuildActionEntries>
   </BuildAction>
   <LaunchAction
      useCustomWorkingDirectory = "NO"
      buildConfiguration = "Release">
      <BuildableProductRunnable>
         <BuildableReference
            BuildableIdentifier = "primary"
            BlueprintIdentifier = "6767966911AD635600421804"
            BuildableName = "TAppEncoder"
            BlueprintName = "TAppEncoder"
            ReferencedContainer = "container:HTM.xcodeproj">
         </BuildableReference>
      </BuildableProductRunnable>
      <CommandLineArguments>
         <CommandLineArgument
            argument = "-c"
            isEnabled = "YES">
         </CommandLineArgument>
         <CommandLineArgument
            argument = "/Users/pharrell_wang/htm_debug_files/baseCfg_3view+depth_AllIntra.cfg"
            isEnabled = "YES">
         </CommandLineArgument>
         <CommandLineArgument
            argument = "-c"
            isEnabled = "YES">
         </CommandLineArgument>
         <CommandLineArgument
            argument = "/Users/pharrell_wang/htm_debug_files/qpCfg_Nview+depth_QP25.cfg"
            isEnabled = "YES">
         </CommandLineArgument>
         <CommandLineArgument
            argument = "-c"
            isEnabled = "YES">
         </CommandLineArgument>
         <CommandLineArgument
            argument = "/Users/pharrell_wang/htm_debug_files/seqCfg_Newspaper.cfg"
            isEnabled = "YES">
         </CommandLineArgument>
         <CommandLineArgument
            argument = "&gt;"
            isEnabled = "YES">
         </CommandLineArgument>
         <CommandLineArgument
            argument = "/Users/pharrell_wang/htm_debug_files/Newspaper_TAppEncoder.txt"
            isEnabled = "YES">
         </CommandLineArgument>
      </CommandLineArguments>
   </LaunchAction>
</Scheme>
